
Microsoft Visual Studio Solution File, Format Version 12.00
# Visual Studio Version 16
VisualStudioVersion = 16.0.810.4
MinimumVisualStudioVersion = 10.0.40219.1
Project("{2150E333-8FDC-42A3-9474-1A3956D46DE8}") = "Solution Items", "Solution Items", "{EA20B500-9079-43EE-B63C-E303632418AB}"
	ProjectSection(SolutionItems) = preProject
		Dockerfile = Dockerfile
		Directory.Build.props = Directory.Build.props
		.editorconfig = .editorconfig
	EndProjectSection
EndProject
Project("{FAE04EC0-301F-11D3-BF4B-00C04F79EFBC}") = "EventStore", "EventStore\EventStore.csproj", "{9A8426C6-3A3D-4491-AAFB-45C9737DF811}"
EndProject
Project("{FAE04EC0-301F-11D3-BF4B-00C04F79EFBC}") = "AdminModule", "AdminModule\AdminModule.csproj", "{8E5DAF7B-8ED9-4979-A105-21005F8F449A}"
EndProject
Project("{FAE04EC0-301F-11D3-BF4B-00C04F79EFBC}") = "Common", "Common\Common.csproj", "{F78ECC03-DC9C-4CD3-86B6-A12E536B6E98}"
EndProject
Project("{FAE04EC0-301F-11D3-BF4B-00C04F79EFBC}") = "External.GiveWp", "External.GiveWp\External.GiveWp.csproj", "{CECEB799-BEAB-4C87-8D59-3954B028C2BF}"
EndProject
Project("{FAE04EC0-301F-11D3-BF4B-00C04F79EFBC}") = "FfAdminWeb", "FfAdminWeb\FfAdminWeb.csproj", "{12AE3DF1-DB2B-4621-8843-7C0CDC840447}"
EndProject
Project("{FAE04EC0-301F-11D3-BF4B-00C04F79EFBC}") = "External.Banking", "External.Banking\External.Banking.csproj", "{5F26B2C6-3746-4612-AB50-F2A89FAB0CE4}"
EndProject
Project("{FAE04EC0-301F-11D3-BF4B-00C04F79EFBC}") = "FfAdmin.Test", "FfAdmin.Test\FfAdmin.Test.csproj", "{ABF77DB7-DC41-4C38-BF60-5159988DCAFD}"
EndProject
Project("{FAE04EC0-301F-11D3-BF4B-00C04F79EFBC}") = "Calculator", "Calculator\Calculator.csproj", "{AADA99AB-B0D0-4828-BE87-6BB80D7FDE63}"
EndProject
Project("{FAE04EC0-301F-11D3-BF4B-00C04F79EFBC}") = "Calculator.Test", "Calculator.Test\Calculator.Test.csproj", "{44DE2A51-872A-430C-ADEB-5287768E1439}"
EndProject
Project("{FAE04EC0-301F-11D3-BF4B-00C04F79EFBC}") = "PostEvent.Function", "PostEvent.Function\PostEvent.Function.csproj", "{39403A79-8EF0-4418-B374-D91D8BCB0ED6}"
EndProject
Project("{FAE04EC0-301F-11D3-BF4B-00C04F79EFBC}") = "EventStore.Function", "EventStore.Function\EventStore.Function.csproj", "{A7CA00F2-FDB9-4D67-8ED1-EA02CDE90146}"
EndProject
Project("{FAE04EC0-301F-11D3-BF4B-00C04F79EFBC}") = "EventStore.Abstractions", "EventStore.Abstractions\EventStore.Abstractions.csproj", "{7E3868E5-86F5-4EAD-86AA-EBB838B5FED3}"
EndProject
Project("{FAE04EC0-301F-11D3-BF4B-00C04F79EFBC}") = "EventStore.AzureSql", "EventStore.AzureSql\EventStore.AzureSql.csproj", "{4B3C7F7C-CA5B-482E-AF47-0C0AC6AEDD94}"
EndProject
Project("{FAE04EC0-301F-11D3-BF4B-00C04F79EFBC}") = "EventStore.ApiClient", "EventStore.ApiClient\EventStore.ApiClient.csproj", "{44CD0C39-63AA-4930-B5DD-A3CF7734751D}"
EndProject
Project("{FAE04EC0-301F-11D3-BF4B-00C04F79EFBC}") = "Calculator.Function", "Calculator.Function\Calculator.Function.csproj", "{CE93AC68-C965-4D2F-A009-7BA24A8A7426}"
EndProject
Project("{FAE04EC0-301F-11D3-BF4B-00C04F79EFBC}") = "ModelCache.Function", "ModelCache.Function\ModelCache.Function.csproj", "{24888A08-4BEE-4950-B808-3FCD0F6BB7BC}"
EndProject
Project("{FAE04EC0-301F-11D3-BF4B-00C04F79EFBC}") = "Calculator.Core", "Calculator.Core\Calculator.Core.csproj", "{0DA27E7E-1988-41A3-BBDD-D95CEA40D5D1}"
EndProject
Project("{FAE04EC0-301F-11D3-BF4B-00C04F79EFBC}") = "ModelCache.Abstractions", "ModelCache.Abstractions\ModelCache.Abstractions.csproj", "{58953026-94CF-4554-B913-9B801BDE39B6}"
EndProject
Project("{FAE04EC0-301F-11D3-BF4B-00C04F79EFBC}") = "ModelCache.BlobStorage", "ModelCache.BlobStorage\ModelCache.BlobStorage.csproj", "{FF66E5FA-B0D2-4693-94D0-24F2E5BE0A1B}"
EndProject
Project("{FAE04EC0-301F-11D3-BF4B-00C04F79EFBC}") = "ModelCache.ApiClient", "ModelCache.ApiClient\ModelCache.ApiClient.csproj", "{1F33EB56-9E13-4F07-8B91-66ED77234F76}"
EndProject
Global
	GlobalSection(SolutionConfigurationPlatforms) = preSolution
		Debug|Any CPU = Debug|Any CPU
		Release|Any CPU = Release|Any CPU
	EndGlobalSection
	GlobalSection(ProjectConfigurationPlatforms) = postSolution
		{9A8426C6-3A3D-4491-AAFB-45C9737DF811}.Debug|Any CPU.ActiveCfg = Debug|Any CPU
		{9A8426C6-3A3D-4491-AAFB-45C9737DF811}.Debug|Any CPU.Build.0 = Debug|Any CPU
		{9A8426C6-3A3D-4491-AAFB-45C9737DF811}.Release|Any CPU.ActiveCfg = Release|Any CPU
		{9A8426C6-3A3D-4491-AAFB-45C9737DF811}.Release|Any CPU.Build.0 = Release|Any CPU
		{8E5DAF7B-8ED9-4979-A105-21005F8F449A}.Debug|Any CPU.ActiveCfg = Debug|Any CPU
		{8E5DAF7B-8ED9-4979-A105-21005F8F449A}.Debug|Any CPU.Build.0 = Debug|Any CPU
		{8E5DAF7B-8ED9-4979-A105-21005F8F449A}.Release|Any CPU.ActiveCfg = Release|Any CPU
		{8E5DAF7B-8ED9-4979-A105-21005F8F449A}.Release|Any CPU.Build.0 = Release|Any CPU
		{F78ECC03-DC9C-4CD3-86B6-A12E536B6E98}.Debug|Any CPU.ActiveCfg = Debug|Any CPU
		{F78ECC03-DC9C-4CD3-86B6-A12E536B6E98}.Debug|Any CPU.Build.0 = Debug|Any CPU
		{F78ECC03-DC9C-4CD3-86B6-A12E536B6E98}.Release|Any CPU.ActiveCfg = Release|Any CPU
		{F78ECC03-DC9C-4CD3-86B6-A12E536B6E98}.Release|Any CPU.Build.0 = Release|Any CPU
		{CECEB799-BEAB-4C87-8D59-3954B028C2BF}.Debug|Any CPU.ActiveCfg = Debug|Any CPU
		{CECEB799-BEAB-4C87-8D59-3954B028C2BF}.Debug|Any CPU.Build.0 = Debug|Any CPU
		{CECEB799-BEAB-4C87-8D59-3954B028C2BF}.Release|Any CPU.ActiveCfg = Release|Any CPU
		{CECEB799-BEAB-4C87-8D59-3954B028C2BF}.Release|Any CPU.Build.0 = Release|Any CPU
		{12AE3DF1-DB2B-4621-8843-7C0CDC840447}.Debug|Any CPU.ActiveCfg = Debug|Any CPU
		{12AE3DF1-DB2B-4621-8843-7C0CDC840447}.Debug|Any CPU.Build.0 = Debug|Any CPU
		{12AE3DF1-DB2B-4621-8843-7C0CDC840447}.Release|Any CPU.ActiveCfg = Release|Any CPU
		{12AE3DF1-DB2B-4621-8843-7C0CDC840447}.Release|Any CPU.Build.0 = Release|Any CPU
		{5F26B2C6-3746-4612-AB50-F2A89FAB0CE4}.Debug|Any CPU.ActiveCfg = Debug|Any CPU
		{5F26B2C6-3746-4612-AB50-F2A89FAB0CE4}.Debug|Any CPU.Build.0 = Debug|Any CPU
		{5F26B2C6-3746-4612-AB50-F2A89FAB0CE4}.Release|Any CPU.ActiveCfg = Release|Any CPU
		{5F26B2C6-3746-4612-AB50-F2A89FAB0CE4}.Release|Any CPU.Build.0 = Release|Any CPU
		{ABF77DB7-DC41-4C38-BF60-5159988DCAFD}.Debug|Any CPU.ActiveCfg = Debug|Any CPU
		{ABF77DB7-DC41-4C38-BF60-5159988DCAFD}.Debug|Any CPU.Build.0 = Debug|Any CPU
		{ABF77DB7-DC41-4C38-BF60-5159988DCAFD}.Release|Any CPU.ActiveCfg = Release|Any CPU
		{ABF77DB7-DC41-4C38-BF60-5159988DCAFD}.Release|Any CPU.Build.0 = Release|Any CPU
		{AADA99AB-B0D0-4828-BE87-6BB80D7FDE63}.Debug|Any CPU.ActiveCfg = Debug|Any CPU
		{AADA99AB-B0D0-4828-BE87-6BB80D7FDE63}.Debug|Any CPU.Build.0 = Debug|Any CPU
		{AADA99AB-B0D0-4828-BE87-6BB80D7FDE63}.Release|Any CPU.ActiveCfg = Release|Any CPU
		{AADA99AB-B0D0-4828-BE87-6BB80D7FDE63}.Release|Any CPU.Build.0 = Release|Any CPU
		{44DE2A51-872A-430C-ADEB-5287768E1439}.Debug|Any CPU.ActiveCfg = Debug|Any CPU
		{44DE2A51-872A-430C-ADEB-5287768E1439}.Debug|Any CPU.Build.0 = Debug|Any CPU
		{44DE2A51-872A-430C-ADEB-5287768E1439}.Release|Any CPU.ActiveCfg = Release|Any CPU
		{44DE2A51-872A-430C-ADEB-5287768E1439}.Release|Any CPU.Build.0 = Release|Any CPU
		{39403A79-8EF0-4418-B374-D91D8BCB0ED6}.Debug|Any CPU.ActiveCfg = Debug|Any CPU
		{39403A79-8EF0-4418-B374-D91D8BCB0ED6}.Debug|Any CPU.Build.0 = Debug|Any CPU
		{39403A79-8EF0-4418-B374-D91D8BCB0ED6}.Release|Any CPU.ActiveCfg = Release|Any CPU
		{39403A79-8EF0-4418-B374-D91D8BCB0ED6}.Release|Any CPU.Build.0 = Release|Any CPU
		{A7CA00F2-FDB9-4D67-8ED1-EA02CDE90146}.Debug|Any CPU.ActiveCfg = Debug|Any CPU
		{A7CA00F2-FDB9-4D67-8ED1-EA02CDE90146}.Debug|Any CPU.Build.0 = Debug|Any CPU
		{A7CA00F2-FDB9-4D67-8ED1-EA02CDE90146}.Release|Any CPU.ActiveCfg = Release|Any CPU
		{A7CA00F2-FDB9-4D67-8ED1-EA02CDE90146}.Release|Any CPU.Build.0 = Release|Any CPU
		{7E3868E5-86F5-4EAD-86AA-EBB838B5FED3}.Debug|Any CPU.ActiveCfg = Debug|Any CPU
		{7E3868E5-86F5-4EAD-86AA-EBB838B5FED3}.Debug|Any CPU.Build.0 = Debug|Any CPU
		{7E3868E5-86F5-4EAD-86AA-EBB838B5FED3}.Release|Any CPU.ActiveCfg = Release|Any CPU
		{7E3868E5-86F5-4EAD-86AA-EBB838B5FED3}.Release|Any CPU.Build.0 = Release|Any CPU
		{4B3C7F7C-CA5B-482E-AF47-0C0AC6AEDD94}.Debug|Any CPU.ActiveCfg = Debug|Any CPU
		{4B3C7F7C-CA5B-482E-AF47-0C0AC6AEDD94}.Debug|Any CPU.Build.0 = Debug|Any CPU
		{4B3C7F7C-CA5B-482E-AF47-0C0AC6AEDD94}.Release|Any CPU.ActiveCfg = Release|Any CPU
		{4B3C7F7C-CA5B-482E-AF47-0C0AC6AEDD94}.Release|Any CPU.Build.0 = Release|Any CPU
		{44CD0C39-63AA-4930-B5DD-A3CF7734751D}.Debug|Any CPU.ActiveCfg = Debug|Any CPU
		{44CD0C39-63AA-4930-B5DD-A3CF7734751D}.Debug|Any CPU.Build.0 = Debug|Any CPU
		{44CD0C39-63AA-4930-B5DD-A3CF7734751D}.Release|Any CPU.ActiveCfg = Release|Any CPU
		{44CD0C39-63AA-4930-B5DD-A3CF7734751D}.Release|Any CPU.Build.0 = Release|Any CPU
		{CE93AC68-C965-4D2F-A009-7BA24A8A7426}.Debug|Any CPU.ActiveCfg = Debug|Any CPU
		{CE93AC68-C965-4D2F-A009-7BA24A8A7426}.Debug|Any CPU.Build.0 = Debug|Any CPU
		{CE93AC68-C965-4D2F-A009-7BA24A8A7426}.Release|Any CPU.ActiveCfg = Release|Any CPU
		{CE93AC68-C965-4D2F-A009-7BA24A8A7426}.Release|Any CPU.Build.0 = Release|Any CPU
		{24888A08-4BEE-4950-B808-3FCD0F6BB7BC}.Debug|Any CPU.ActiveCfg = Debug|Any CPU
		{24888A08-4BEE-4950-B808-3FCD0F6BB7BC}.Debug|Any CPU.Build.0 = Debug|Any CPU
		{24888A08-4BEE-4950-B808-3FCD0F6BB7BC}.Release|Any CPU.ActiveCfg = Release|Any CPU
		{24888A08-4BEE-4950-B808-3FCD0F6BB7BC}.Release|Any CPU.Build.0 = Release|Any CPU
		{0DA27E7E-1988-41A3-BBDD-D95CEA40D5D1}.Debug|Any CPU.ActiveCfg = Debug|Any CPU
		{0DA27E7E-1988-41A3-BBDD-D95CEA40D5D1}.Debug|Any CPU.Build.0 = Debug|Any CPU
		{0DA27E7E-1988-41A3-BBDD-D95CEA40D5D1}.Release|Any CPU.ActiveCfg = Release|Any CPU
		{0DA27E7E-1988-41A3-BBDD-D95CEA40D5D1}.Release|Any CPU.Build.0 = Release|Any CPU
		{58953026-94CF-4554-B913-9B801BDE39B6}.Debug|Any CPU.ActiveCfg = Debug|Any CPU
		{58953026-94CF-4554-B913-9B801BDE39B6}.Debug|Any CPU.Build.0 = Debug|Any CPU
		{58953026-94CF-4554-B913-9B801BDE39B6}.Release|Any CPU.ActiveCfg = Release|Any CPU
		{58953026-94CF-4554-B913-9B801BDE39B6}.Release|Any CPU.Build.0 = Release|Any CPU
		{FF66E5FA-B0D2-4693-94D0-24F2E5BE0A1B}.Debug|Any CPU.ActiveCfg = Debug|Any CPU
		{FF66E5FA-B0D2-4693-94D0-24F2E5BE0A1B}.Debug|Any CPU.Build.0 = Debug|Any CPU
		{FF66E5FA-B0D2-4693-94D0-24F2E5BE0A1B}.Release|Any CPU.ActiveCfg = Release|Any CPU
		{FF66E5FA-B0D2-4693-94D0-24F2E5BE0A1B}.Release|Any CPU.Build.0 = Release|Any CPU
		{1F33EB56-9E13-4F07-8B91-66ED77234F76}.Debug|Any CPU.ActiveCfg = Debug|Any CPU
		{1F33EB56-9E13-4F07-8B91-66ED77234F76}.Debug|Any CPU.Build.0 = Debug|Any CPU
		{1F33EB56-9E13-4F07-8B91-66ED77234F76}.Release|Any CPU.ActiveCfg = Release|Any CPU
		{1F33EB56-9E13-4F07-8B91-66ED77234F76}.Release|Any CPU.Build.0 = Release|Any CPU
	EndGlobalSection
	GlobalSection(SolutionProperties) = preSolution
		HideSolutionNode = FALSE
	EndGlobalSection
	GlobalSection(ExtensibilityGlobals) = postSolution
		SolutionGuid = {C7206E82-7211-4AE5-B26C-16CD76DB9D76}
	EndGlobalSection
EndGlobal
