
Microsoft Visual Studio Solution File, Format Version 12.00
# Visual Studio Version 16
VisualStudioVersion = 16.0.810.4
MinimumVisualStudioVersion = 10.0.40219.1
Project("{2150E333-8FDC-42A3-9474-1A3956D46DE8}") = "Solution Items", "Solution Items", "{EA20B500-9079-43EE-B63C-E303632418AB}"
	ProjectSection(SolutionItems) = preProject
		Dockerfile = Dockerfile
		Directory.Build.props = Directory.Build.props
	EndProjectSection
EndProject
Project("{FAE04EC0-301F-11D3-BF4B-00C04F79EFBC}") = "EventStore", "EventStore\EventStore.csproj", "{9A8426C6-3A3D-4491-AAFB-45C9737DF811}"
EndProject
Project("{FAE04EC0-301F-11D3-BF4B-00C04F79EFBC}") = "AdminModule", "AdminModule\AdminModule.csproj", "{8E5DAF7B-8ED9-4979-A105-21005F8F449A}"
EndProject
Project("{FAE04EC0-301F-11D3-BF4B-00C04F79EFBC}") = "Common", "Common\Common.csproj", "{F78ECC03-DC9C-4CD3-86B6-A12E536B6E98}"
EndProject
Project("{FAE04EC0-301F-11D3-BF4B-00C04F79EFBC}") = "External.GiveWp", "External.GiveWp\External.GiveWp.csproj", "{CECEB799-BEAB-4C87-8D59-3954B028C2BF}"
EndProject
Project("{FAE04EC0-301F-11D3-BF4B-00C04F79EFBC}") = "FfAdminWeb", "FfAdminWeb\FfAdminWeb.csproj", "{12AE3DF1-DB2B-4621-8843-7C0CDC840447}"
EndProject
Project("{FAE04EC0-301F-11D3-BF4B-00C04F79EFBC}") = "External.Banking", "External.Banking\External.Banking.csproj", "{5F26B2C6-3746-4612-AB50-F2A89FAB0CE4}"
EndProject
Global
	GlobalSection(SolutionConfigurationPlatforms) = preSolution
		Debug|Any CPU = Debug|Any CPU
		Release|Any CPU = Release|Any CPU
	EndGlobalSection
	GlobalSection(ProjectConfigurationPlatforms) = postSolution
		{9A8426C6-3A3D-4491-AAFB-45C9737DF811}.Debug|Any CPU.ActiveCfg = Debug|Any CPU
		{9A8426C6-3A3D-4491-AAFB-45C9737DF811}.Debug|Any CPU.Build.0 = Debug|Any CPU
		{9A8426C6-3A3D-4491-AAFB-45C9737DF811}.Release|Any CPU.ActiveCfg = Release|Any CPU
		{9A8426C6-3A3D-4491-AAFB-45C9737DF811}.Release|Any CPU.Build.0 = Release|Any CPU
		{8E5DAF7B-8ED9-4979-A105-21005F8F449A}.Debug|Any CPU.ActiveCfg = Debug|Any CPU
		{8E5DAF7B-8ED9-4979-A105-21005F8F449A}.Debug|Any CPU.Build.0 = Debug|Any CPU
		{8E5DAF7B-8ED9-4979-A105-21005F8F449A}.Release|Any CPU.ActiveCfg = Release|Any CPU
		{8E5DAF7B-8ED9-4979-A105-21005F8F449A}.Release|Any CPU.Build.0 = Release|Any CPU
		{F78ECC03-DC9C-4CD3-86B6-A12E536B6E98}.Debug|Any CPU.ActiveCfg = Debug|Any CPU
		{F78ECC03-DC9C-4CD3-86B6-A12E536B6E98}.Debug|Any CPU.Build.0 = Debug|Any CPU
		{F78ECC03-DC9C-4CD3-86B6-A12E536B6E98}.Release|Any CPU.ActiveCfg = Release|Any CPU
		{F78ECC03-DC9C-4CD3-86B6-A12E536B6E98}.Release|Any CPU.Build.0 = Release|Any CPU
		{CECEB799-BEAB-4C87-8D59-3954B028C2BF}.Debug|Any CPU.ActiveCfg = Debug|Any CPU
		{CECEB799-BEAB-4C87-8D59-3954B028C2BF}.Debug|Any CPU.Build.0 = Debug|Any CPU
		{CECEB799-BEAB-4C87-8D59-3954B028C2BF}.Release|Any CPU.ActiveCfg = Release|Any CPU
		{CECEB799-BEAB-4C87-8D59-3954B028C2BF}.Release|Any CPU.Build.0 = Release|Any CPU
		{12AE3DF1-DB2B-4621-8843-7C0CDC840447}.Debug|Any CPU.ActiveCfg = Debug|Any CPU
		{12AE3DF1-DB2B-4621-8843-7C0CDC840447}.Debug|Any CPU.Build.0 = Debug|Any CPU
		{12AE3DF1-DB2B-4621-8843-7C0CDC840447}.Release|Any CPU.ActiveCfg = Release|Any CPU
		{12AE3DF1-DB2B-4621-8843-7C0CDC840447}.Release|Any CPU.Build.0 = Release|Any CPU
		{5F26B2C6-3746-4612-AB50-F2A89FAB0CE4}.Debug|Any CPU.ActiveCfg = Debug|Any CPU
		{5F26B2C6-3746-4612-AB50-F2A89FAB0CE4}.Debug|Any CPU.Build.0 = Debug|Any CPU
		{5F26B2C6-3746-4612-AB50-F2A89FAB0CE4}.Release|Any CPU.ActiveCfg = Release|Any CPU
		{5F26B2C6-3746-4612-AB50-F2A89FAB0CE4}.Release|Any CPU.Build.0 = Release|Any CPU
	EndGlobalSection
	GlobalSection(SolutionProperties) = preSolution
		HideSolutionNode = FALSE
	EndGlobalSection
	GlobalSection(ExtensibilityGlobals) = postSolution
		SolutionGuid = {C7206E82-7211-4AE5-B26C-16CD76DB9D76}
	EndGlobalSection
EndGlobal
